{
    "name": "cf-merger-action",
    "version": "1.0.0",
    "lockfileVersion": 1,
    "requires": true,
    "dependencies": {
        "@actions/core": {
            "version": "1.2.6",
            "resolved": "https://cfa.jfrog.io/cfa/api/npm/npm/@actions/core/-/core-1.2.6.tgz",
            "integrity": "sha1-p41J9BpN7xjojOR8LKxhXVaUvwk="
        },
        "@actions/exec": {
            "version": "1.0.4",
            "resolved": "https://cfa.jfrog.io/cfa/api/npm/npm/@actions/exec/-/exec-1.0.4.tgz",
            "integrity": "sha1-mddTEOYuWfw30u5tz/bUv/rdOl0=",
            "requires": {
                "@actions/io": "^1.0.1"
            }
        },
        "@actions/github": {
            "version": "3.0.0",
            "resolved": "https://registry.npmjs.org/@actions/github/-/github-3.0.0.tgz",
            "integrity": "sha512-zSYo0Pzh/AZt0DCBjCUhd9lNBECbbWnPqq5L32DZDTuEhjGJM8VSgOpKSol9climaJxhPJQhu+vUZIZuQi4Z1w==",
            "requires": {
                "@actions/http-client": "^1.0.3",
                "@octokit/core": "^2.5.1",
                "@octokit/plugin-paginate-rest": "^2.2.0",
                "@octokit/plugin-rest-endpoint-methods": "^3.10.0"
            }
        },
        "@actions/http-client": {
            "version": "1.0.11",
            "resolved": "https://cfa.jfrog.io/cfa/api/npm/npm/@actions/http-client/-/http-client-1.0.11.tgz",
            "integrity": "sha1-xYsS6aqLFZ7jnn3Wy9DpHZBWM8A=",
            "requires": {
                "tunnel": "0.0.6"
            }
        },
        "@actions/io": {
            "version": "1.0.2",
            "resolved": "https://cfa.jfrog.io/cfa/api/npm/npm/@actions/io/-/io-1.0.2.tgz",
            "integrity": "sha1-L2FLbmnOFNGRGARR6zjmV2puayc="
        },
        "@octokit/auth-token": {
            "version": "2.5.0",
            "resolved": "https://registry.npmjs.org/@octokit/auth-token/-/auth-token-2.5.0.tgz",
            "integrity": "sha512-r5FVUJCOLl19AxiuZD2VRZ/ORjp/4IN98Of6YJoJOkY75CIBuYfmiNHGrDwXr+aLGG55igl9QrxX3hbiXlLb+g==",
            "requires": {
                "@octokit/types": "^6.0.3"
            },
            "dependencies": {
                "@octokit/types": {
                    "version": "6.41.0",
                    "resolved": "https://registry.npmjs.org/@octokit/types/-/types-6.41.0.tgz",
                    "integrity": "sha512-eJ2jbzjdijiL3B4PrSQaSjuF2sPEQPVCPzBvTHJD9Nz+9dw2SGH4K4xeQJ77YfTq5bRQ+bD8wT11JbeDPmxmGg==",
                    "requires": {
                        "@octokit/openapi-types": "^12.11.0"
                    }
                }
            }
        },
        "@octokit/core": {
            "version": "2.5.4",
            "resolved": "https://registry.npmjs.org/@octokit/core/-/core-2.5.4.tgz",
            "integrity": "sha512-HCp8yKQfTITYK+Nd09MHzAlP1v3Ii/oCohv0/TW9rhSLvzb98BOVs2QmVYuloE6a3l6LsfyGIwb6Pc4ycgWlIQ==",
            "requires": {
                "@octokit/auth-token": "^2.4.0",
                "@octokit/graphql": "^4.3.1",
                "@octokit/request": "^5.4.0",
                "@octokit/types": "^5.0.0",
                "before-after-hook": "^2.1.0",
                "universal-user-agent": "^5.0.0"
            }
        },
        "@octokit/endpoint": {
            "version": "6.0.12",
            "resolved": "https://registry.npmjs.org/@octokit/endpoint/-/endpoint-6.0.12.tgz",
            "integrity": "sha512-lF3puPwkQWGfkMClXb4k/eUT/nZKQfxinRWJrdZaJO85Dqwo/G0yOC434Jr2ojwafWJMYqFGFa5ms4jJUgujdA==",
            "requires": {
                "@octokit/types": "^6.0.3",
                "is-plain-object": "^5.0.0",
                "universal-user-agent": "^6.0.0"
            },
            "dependencies": {
                "@octokit/types": {
                    "version": "6.41.0",
                    "resolved": "https://registry.npmjs.org/@octokit/types/-/types-6.41.0.tgz",
                    "integrity": "sha512-eJ2jbzjdijiL3B4PrSQaSjuF2sPEQPVCPzBvTHJD9Nz+9dw2SGH4K4xeQJ77YfTq5bRQ+bD8wT11JbeDPmxmGg==",
                    "requires": {
                        "@octokit/openapi-types": "^12.11.0"
                    }
                },
                "universal-user-agent": {
                    "version": "6.0.1",
                    "resolved": "https://registry.npmjs.org/universal-user-agent/-/universal-user-agent-6.0.1.tgz",
                    "integrity": "sha512-yCzhz6FN2wU1NiiQRogkTQszlQSlpWaw8SvVegAc+bDxbzHgh1vX8uIe8OYyMH6DwH+sdTJsgMl36+mSMdRJIQ=="
                }
            }
        },
        "@octokit/graphql": {
            "version": "4.8.0",
            "resolved": "https://registry.npmjs.org/@octokit/graphql/-/graphql-4.8.0.tgz",
            "integrity": "sha512-0gv+qLSBLKF0z8TKaSKTsS39scVKF9dbMxJpj3U0vC7wjNWFuIpL/z76Qe2fiuCbDRcJSavkXsVtMS6/dtQQsg==",
            "requires": {
                "@octokit/request": "^5.6.0",
                "@octokit/types": "^6.0.3",
                "universal-user-agent": "^6.0.0"
            },
            "dependencies": {
                "@octokit/types": {
                    "version": "6.41.0",
                    "resolved": "https://registry.npmjs.org/@octokit/types/-/types-6.41.0.tgz",
                    "integrity": "sha512-eJ2jbzjdijiL3B4PrSQaSjuF2sPEQPVCPzBvTHJD9Nz+9dw2SGH4K4xeQJ77YfTq5bRQ+bD8wT11JbeDPmxmGg==",
                    "requires": {
                        "@octokit/openapi-types": "^12.11.0"
                    }
                },
                "universal-user-agent": {
                    "version": "6.0.1",
                    "resolved": "https://registry.npmjs.org/universal-user-agent/-/universal-user-agent-6.0.1.tgz",
                    "integrity": "sha512-yCzhz6FN2wU1NiiQRogkTQszlQSlpWaw8SvVegAc+bDxbzHgh1vX8uIe8OYyMH6DwH+sdTJsgMl36+mSMdRJIQ=="
                }
            }
        },
        "@octokit/openapi-types": {
            "version": "12.11.0",
            "resolved": "https://registry.npmjs.org/@octokit/openapi-types/-/openapi-types-12.11.0.tgz",
            "integrity": "sha512-VsXyi8peyRq9PqIz/tpqiL2w3w80OgVMwBHltTml3LmVvXiphgeqmY9mvBw9Wu7e0QWk/fqD37ux8yP5uVekyQ=="
        },
        "@octokit/plugin-paginate-rest": {
            "version": "2.21.3",
            "resolved": "https://registry.npmjs.org/@octokit/plugin-paginate-rest/-/plugin-paginate-rest-2.21.3.tgz",
            "integrity": "sha512-aCZTEf0y2h3OLbrgKkrfFdjRL6eSOo8komneVQJnYecAxIej7Bafor2xhuDJOIFau4pk0i/P28/XgtbyPF0ZHw==",
            "requires": {
                "@octokit/types": "^6.40.0"
            },
            "dependencies": {
                "@octokit/types": {
                    "version": "6.41.0",
                    "resolved": "https://registry.npmjs.org/@octokit/types/-/types-6.41.0.tgz",
                    "integrity": "sha512-eJ2jbzjdijiL3B4PrSQaSjuF2sPEQPVCPzBvTHJD9Nz+9dw2SGH4K4xeQJ77YfTq5bRQ+bD8wT11JbeDPmxmGg==",
                    "requires": {
                        "@octokit/openapi-types": "^12.11.0"
                    }
                }
            }
        },
        "@octokit/plugin-rest-endpoint-methods": {
            "version": "3.17.0",
            "resolved": "https://registry.npmjs.org/@octokit/plugin-rest-endpoint-methods/-/plugin-rest-endpoint-methods-3.17.0.tgz",
            "integrity": "sha512-NFV3vq7GgoO2TrkyBRUOwflkfTYkFKS0tLAPym7RNpkwLCttqShaEGjthOsPEEL+7LFcYv3mU24+F2yVd3npmg==",
            "requires": {
                "@octokit/types": "^4.1.6",
                "deprecation": "^2.3.1"
            },
            "dependencies": {
                "@octokit/types": {
                    "version": "4.1.10",
                    "resolved": "https://registry.npmjs.org/@octokit/types/-/types-4.1.10.tgz",
                    "integrity": "sha512-/wbFy1cUIE5eICcg0wTKGXMlKSbaAxEr00qaBXzscLXpqhcwgXeS6P8O0pkysBhRfyjkKjJaYrvR1ExMO5eOXQ==",
                    "requires": {
                        "@types/node": ">= 8"
                    }
                }
            }
        },
        "@octokit/request": {
            "version": "5.6.3",
            "resolved": "https://registry.npmjs.org/@octokit/request/-/request-5.6.3.tgz",
            "integrity": "sha512-bFJl0I1KVc9jYTe9tdGGpAMPy32dLBXXo1dS/YwSCTL/2nd9XeHsY616RE3HPXDVk+a+dBuzyz5YdlXwcDTr2A==",
            "requires": {
                "@octokit/endpoint": "^6.0.1",
                "@octokit/request-error": "^2.1.0",
                "@octokit/types": "^6.16.1",
                "is-plain-object": "^5.0.0",
                "node-fetch": "^2.6.7",
                "universal-user-agent": "^6.0.0"
            },
            "dependencies": {
                "@octokit/types": {
                    "version": "6.41.0",
                    "resolved": "https://registry.npmjs.org/@octokit/types/-/types-6.41.0.tgz",
                    "integrity": "sha512-eJ2jbzjdijiL3B4PrSQaSjuF2sPEQPVCPzBvTHJD9Nz+9dw2SGH4K4xeQJ77YfTq5bRQ+bD8wT11JbeDPmxmGg==",
                    "requires": {
                        "@octokit/openapi-types": "^12.11.0"
                    }
                },
                "universal-user-agent": {
                    "version": "6.0.1",
                    "resolved": "https://registry.npmjs.org/universal-user-agent/-/universal-user-agent-6.0.1.tgz",
                    "integrity": "sha512-yCzhz6FN2wU1NiiQRogkTQszlQSlpWaw8SvVegAc+bDxbzHgh1vX8uIe8OYyMH6DwH+sdTJsgMl36+mSMdRJIQ=="
                }
            }
        },
        "@octokit/request-error": {
            "version": "2.1.0",
            "resolved": "https://registry.npmjs.org/@octokit/request-error/-/request-error-2.1.0.tgz",
            "integrity": "sha512-1VIvgXxs9WHSjicsRwq8PlR2LR2x6DwsJAaFgzdi0JfJoGSO8mYI/cHJQ+9FbN21aa+DrgNLnwObmyeSC8Rmpg==",
            "requires": {
                "@octokit/types": "^6.0.3",
                "deprecation": "^2.0.0",
                "once": "^1.4.0"
            },
            "dependencies": {
                "@octokit/types": {
                    "version": "6.41.0",
                    "resolved": "https://registry.npmjs.org/@octokit/types/-/types-6.41.0.tgz",
                    "integrity": "sha512-eJ2jbzjdijiL3B4PrSQaSjuF2sPEQPVCPzBvTHJD9Nz+9dw2SGH4K4xeQJ77YfTq5bRQ+bD8wT11JbeDPmxmGg==",
                    "requires": {
                        "@octokit/openapi-types": "^12.11.0"
                    }
                }
            }
        },
        "@octokit/types": {
            "version": "5.5.0",
            "resolved": "https://registry.npmjs.org/@octokit/types/-/types-5.5.0.tgz",
            "integrity": "sha512-UZ1pErDue6bZNjYOotCNveTXArOMZQFG6hKJfOnGnulVCMcVVi7YIIuuR4WfBhjo7zgpmzn/BkPDnUXtNx+PcQ==",
            "requires": {
                "@types/node": ">= 8"
            }
        },
        "@types/node": {
            "version": "22.5.4",
            "resolved": "https://registry.npmjs.org/@types/node/-/node-22.5.4.tgz",
            "integrity": "sha512-FDuKUJQm/ju9fT/SeX/6+gBzoPzlVCzfzmGkwKvRHQVxi4BntVbyIwf6a4Xn62mrvndLiml6z/UBXIdEVjQLXg==",
            "requires": {
                "undici-types": "~6.19.2"
            }
        },
        "ansi-regex": {
            "version": "3.0.0",
            "resolved": "https://cfa.jfrog.io/cfa/api/npm/npm/ansi-regex/-/ansi-regex-3.0.0.tgz",
            "integrity": "sha1-7QMXwyIGT3lGbAKWa922Bas32Zg="
        },
        "argparse": {
            "version": "1.0.10",
            "resolved": "https://cfa.jfrog.io/cfa/api/npm/npm/argparse/-/argparse-1.0.10.tgz",
            "integrity": "sha1-vNZ5HqWuCXJeF+WtmIE0zUCz2RE=",
            "requires": {
                "sprintf-js": "~1.0.2"
            }
        },
        "before-after-hook": {
            "version": "2.2.3",
            "resolved": "https://registry.npmjs.org/before-after-hook/-/before-after-hook-2.2.3.tgz",
            "integrity": "sha512-NzUnlZexiaH/46WDhANlyR2bXRopNg4F/zuSA3OpZnllCUgRaOF2znDioDWrmbNVsuZk6l9pMquQB38cfBZwkQ=="
        },
        "camelcase": {
            "version": "5.3.1",
            "resolved": "https://cfa.jfrog.io/cfa/api/npm/npm/camelcase/-/camelcase-5.3.1.tgz",
            "integrity": "sha1-48mzFWnhBoEd8kL3FXJaH0xJQyA="
        },
        "cliui": {
            "version": "4.1.0",
            "resolved": "https://cfa.jfrog.io/cfa/api/npm/npm/cliui/-/cliui-4.1.0.tgz",
            "integrity": "sha1-NIQi2+gtgAswIu709qwQvy5NG0k=",
            "requires": {
                "string-width": "^2.1.1",
                "strip-ansi": "^4.0.0",
                "wrap-ansi": "^2.0.0"
            }
        },
        "cloudformation-yml-merger": {
            "version": "git+ssh://git@github.com/chikin-4x/cloudformation-yml-merger.git#2384ef91d090913ad1adc364787af44a6746bfc3",
            "from": "cloudformation-yml-merger@chikin-4x/cloudformation-yml-merger#master",
            "requires": {
                "colors": "^1.3.2",
                "js-yaml": "^3.12.0",
                "merge-yaml": "^1.0.0",
                "yargs": "^12.0.2"
            }
        },
        "code-point-at": {
            "version": "1.1.0",
            "resolved": "https://cfa.jfrog.io/cfa/api/npm/npm/code-point-at/-/code-point-at-1.1.0.tgz",
            "integrity": "sha1-DQcLTQQ6W+ozovGkDi7bPZpMz3c="
        },
        "colors": {
            "version": "1.4.0",
            "resolved": "https://cfa.jfrog.io/cfa/api/npm/npm/colors/-/colors-1.4.0.tgz",
            "integrity": "sha1-xQSRR51MG9rtLJztMs98fcI2D3g="
        },
        "cross-spawn": {
            "version": "6.0.5",
            "resolved": "https://cfa.jfrog.io/cfa/api/npm/npm/cross-spawn/-/cross-spawn-6.0.5.tgz",
            "integrity": "sha1-Sl7Hxk364iw6FBJNus3uhG2Ay8Q=",
            "requires": {
                "nice-try": "^1.0.4",
                "path-key": "^2.0.1",
                "semver": "^5.5.0",
                "shebang-command": "^1.2.0",
                "which": "^1.2.9"
            }
        },
        "decamelize": {
            "version": "1.2.0",
            "resolved": "https://cfa.jfrog.io/cfa/api/npm/npm/decamelize/-/decamelize-1.2.0.tgz",
            "integrity": "sha1-9lNNFRSCabIDUue+4m9QH5oZEpA="
        },
        "deprecation": {
            "version": "2.3.1",
            "resolved": "https://registry.npmjs.org/deprecation/-/deprecation-2.3.1.tgz",
            "integrity": "sha512-xmHIy4F3scKVwMsQ4WnVaS8bHOx0DmVwRywosKhaILI0ywMDWPtBSku2HNxRvF7jtwDRsoEwYQSfbxj8b7RlJQ=="
        },
        "end-of-stream": {
            "version": "1.4.4",
            "resolved": "https://cfa.jfrog.io/cfa/api/npm/npm/end-of-stream/-/end-of-stream-1.4.4.tgz",
            "integrity": "sha1-WuZKX0UFe682JuwU2gyl5LJDHrA=",
            "requires": {
                "once": "^1.4.0"
            }
        },
        "esprima": {
            "version": "4.0.1",
            "resolved": "https://cfa.jfrog.io/cfa/api/npm/npm/esprima/-/esprima-4.0.1.tgz",
            "integrity": "sha1-E7BM2z5sXRnfkatph6hpVhmwqnE="
        },
        "execa": {
            "version": "1.0.0",
            "resolved": "https://cfa.jfrog.io/cfa/api/npm/npm/execa/-/execa-1.0.0.tgz",
            "integrity": "sha1-xiNqW7TfbW8V6I5/AXeYIWdJ3dg=",
            "requires": {
                "cross-spawn": "^6.0.0",
                "get-stream": "^4.0.0",
                "is-stream": "^1.1.0",
                "npm-run-path": "^2.0.0",
                "p-finally": "^1.0.0",
                "signal-exit": "^3.0.0",
                "strip-eof": "^1.0.0"
            }
        },
        "find-up": {
            "version": "3.0.0",
            "resolved": "https://cfa.jfrog.io/cfa/api/npm/npm/find-up/-/find-up-3.0.0.tgz",
            "integrity": "sha1-SRafHXmTQwZG2mHsxa41XCHJe3M=",
            "requires": {
                "locate-path": "^3.0.0"
            }
        },
        "get-caller-file": {
            "version": "1.0.3",
            "resolved": "https://cfa.jfrog.io/cfa/api/npm/npm/get-caller-file/-/get-caller-file-1.0.3.tgz",
            "integrity": "sha1-+Xj6TJDR3+f/LWvtoqUV5xO9z0o="
        },
        "get-stream": {
            "version": "4.1.0",
            "resolved": "https://cfa.jfrog.io/cfa/api/npm/npm/get-stream/-/get-stream-4.1.0.tgz",
            "integrity": "sha1-wbJVV189wh1Zv8ec09K0axw6VLU=",
            "requires": {
                "pump": "^3.0.0"
            }
        },
        "invert-kv": {
            "version": "2.0.0",
            "resolved": "https://cfa.jfrog.io/cfa/api/npm/npm/invert-kv/-/invert-kv-2.0.0.tgz",
            "integrity": "sha1-c5P1r6Weyf9fZ6J2INEcIm4+7AI="
        },
        "is-fullwidth-code-point": {
            "version": "2.0.0",
            "resolved": "https://cfa.jfrog.io/cfa/api/npm/npm/is-fullwidth-code-point/-/is-fullwidth-code-point-2.0.0.tgz",
            "integrity": "sha1-o7MKXE8ZkYMWeqq5O+764937ZU8="
        },
        "is-plain-object": {
            "version": "5.0.0",
            "resolved": "https://registry.npmjs.org/is-plain-object/-/is-plain-object-5.0.0.tgz",
            "integrity": "sha512-VRSzKkbMm5jMDoKLbltAkFQ5Qr7VDiTFGXxYFXXowVj387GeGNOCsOH6Msy00SGZ3Fp84b1Naa1psqgcCIEP5Q=="
        },
        "is-stream": {
            "version": "1.1.0",
            "resolved": "https://cfa.jfrog.io/cfa/api/npm/npm/is-stream/-/is-stream-1.1.0.tgz",
            "integrity": "sha1-EtSj3U5o4Lec6428hBc66A2RykQ="
        },
        "isexe": {
            "version": "2.0.0",
            "resolved": "https://cfa.jfrog.io/cfa/api/npm/npm/isexe/-/isexe-2.0.0.tgz",
            "integrity": "sha1-6PvzdNxVb/iUehDcsFctYz8s+hA="
        },
        "js-yaml": {
            "version": "3.14.1",
            "resolved": "https://cfa.jfrog.io/cfa/api/npm/npm/js-yaml/-/js-yaml-3.14.1.tgz",
            "integrity": "sha1-2ugS/bOCX6MGYJqHFzg8UMNqBTc=",
            "requires": {
                "argparse": "^1.0.7",
                "esprima": "^4.0.0"
            }
        },
        "lcid": {
            "version": "2.0.0",
            "resolved": "https://cfa.jfrog.io/cfa/api/npm/npm/lcid/-/lcid-2.0.0.tgz",
            "integrity": "sha1-bvXS32DlL4LrIopMNz6NHzlyU88=",
            "requires": {
                "invert-kv": "^2.0.0"
            }
        },
        "locate-path": {
            "version": "3.0.0",
            "resolved": "https://cfa.jfrog.io/cfa/api/npm/npm/locate-path/-/locate-path-3.0.0.tgz",
            "integrity": "sha1-2+w7OrdZdYBxtY/ln8QYca8hQA4=",
            "requires": {
                "p-locate": "^3.0.0",
                "path-exists": "^3.0.0"
            }
        },
        "lodash.merge": {
            "version": "4.6.2",
            "resolved": "https://cfa.jfrog.io/cfa/api/npm/npm/lodash.merge/-/lodash.merge-4.6.2.tgz",
            "integrity": "sha1-VYqlO0O2YeGSWgr9+japoQhf5Xo="
        },
        "macos-release": {
            "version": "2.5.1",
            "resolved": "https://registry.npmjs.org/macos-release/-/macos-release-2.5.1.tgz",
            "integrity": "sha512-DXqXhEM7gW59OjZO8NIjBCz9AQ1BEMrfiOAl4AYByHCtVHRF4KoGNO8mqQeM8lRCtQe/UnJ4imO/d2HdkKsd+A=="
        },
        "map-age-cleaner": {
            "version": "0.1.3",
            "resolved": "https://cfa.jfrog.io/cfa/api/npm/npm/map-age-cleaner/-/map-age-cleaner-0.1.3.tgz",
            "integrity": "sha1-fVg6cwZDTAVf5HSw9FB45uG0uSo=",
            "requires": {
                "p-defer": "^1.0.0"
            }
        },
        "mem": {
            "version": "4.3.0",
            "resolved": "https://cfa.jfrog.io/cfa/api/npm/npm/mem/-/mem-4.3.0.tgz",
            "integrity": "sha1-Rhr0l7xK4JYIzbLmDu+2m/90QXg=",
            "requires": {
                "map-age-cleaner": "^0.1.1",
                "mimic-fn": "^2.0.0",
                "p-is-promise": "^2.0.0"
            }
        },
        "merge-yaml": {
            "version": "1.1.0",
            "resolved": "https://cfa.jfrog.io/cfa/api/npm/npm/merge-yaml/-/merge-yaml-1.1.0.tgz",
            "integrity": "sha1-TQpywnq71U/9Jm1IoeqRCGkglIk=",
            "requires": {
                "js-yaml": "^3.6.1",
                "lodash.merge": "^4.6.2"
            }
        },
        "mimic-fn": {
            "version": "2.1.0",
            "resolved": "https://cfa.jfrog.io/cfa/api/npm/npm/mimic-fn/-/mimic-fn-2.1.0.tgz",
            "integrity": "sha1-ftLCzMyvhNP/y3pptXcR/CCDQBs="
        },
        "nice-try": {
            "version": "1.0.5",
            "resolved": "https://cfa.jfrog.io/cfa/api/npm/npm/nice-try/-/nice-try-1.0.5.tgz",
            "integrity": "sha1-ozeKdpbOfSI+iPybdkvX7xCJ42Y="
        },
        "node-fetch": {
            "version": "2.7.0",
            "resolved": "https://registry.npmjs.org/node-fetch/-/node-fetch-2.7.0.tgz",
            "integrity": "sha512-c4FRfUm/dbcWZ7U+1Wq0AwCyFL+3nt2bEw05wfxSz+DWpWsitgmSgYmy2dQdWyKC1694ELPqMs/YzUSNozLt8A==",
            "requires": {
                "whatwg-url": "^5.0.0"
            }
        },
        "npm-run-path": {
            "version": "2.0.2",
            "resolved": "https://cfa.jfrog.io/cfa/api/npm/npm/npm-run-path/-/npm-run-path-2.0.2.tgz",
            "integrity": "sha1-NakjLfo11wZ7TLLd8jV7GHFTbF8=",
            "requires": {
                "path-key": "^2.0.0"
            }
        },
        "number-is-nan": {
            "version": "1.0.1",
            "resolved": "https://cfa.jfrog.io/cfa/api/npm/npm/number-is-nan/-/number-is-nan-1.0.1.tgz",
            "integrity": "sha1-CXtgK1NCKlIsGvuHkDGDNpQaAR0="
        },
        "once": {
            "version": "1.4.0",
            "resolved": "https://cfa.jfrog.io/cfa/api/npm/npm/once/-/once-1.4.0.tgz",
            "integrity": "sha1-WDsap3WWHUsROsF9nFC6753Xa9E=",
            "requires": {
                "wrappy": "1"
            }
        },
        "os-locale": {
            "version": "3.1.0",
            "resolved": "https://cfa.jfrog.io/cfa/api/npm/npm/os-locale/-/os-locale-3.1.0.tgz",
            "integrity": "sha1-qAKm7hfyTBBIOrmTVxnO9O0Wvxo=",
            "requires": {
                "execa": "^1.0.0",
                "lcid": "^2.0.0",
                "mem": "^4.0.0"
            }
        },
        "os-name": {
            "version": "3.1.0",
            "resolved": "https://registry.npmjs.org/os-name/-/os-name-3.1.0.tgz",
            "integrity": "sha512-h8L+8aNjNcMpo/mAIBPn5PXCM16iyPGjHNWo6U1YO8sJTMHtEtyczI6QJnLoplswm6goopQkqc7OAnjhWcugVg==",
            "requires": {
                "macos-release": "^2.2.0",
                "windows-release": "^3.1.0"
            }
        },
        "p-defer": {
            "version": "1.0.0",
            "resolved": "https://cfa.jfrog.io/cfa/api/npm/npm/p-defer/-/p-defer-1.0.0.tgz",
            "integrity": "sha1-n26xgvbJqozXQwBKfU+WsZaw+ww="
        },
        "p-finally": {
            "version": "1.0.0",
            "resolved": "https://cfa.jfrog.io/cfa/api/npm/npm/p-finally/-/p-finally-1.0.0.tgz",
            "integrity": "sha1-P7z7FbiZpEEjs0ttzBi3JDNqLK4="
        },
        "p-is-promise": {
            "version": "2.1.0",
            "resolved": "https://cfa.jfrog.io/cfa/api/npm/npm/p-is-promise/-/p-is-promise-2.1.0.tgz",
            "integrity": "sha1-kYzrrqJIpiz3/6uOO8qMX4gvxC4="
        },
        "p-limit": {
            "version": "2.3.0",
            "resolved": "https://cfa.jfrog.io/cfa/api/npm/npm/p-limit/-/p-limit-2.3.0.tgz",
            "integrity": "sha1-PdM8ZHohT9//2DWTPrCG2g3CHbE=",
            "requires": {
                "p-try": "^2.0.0"
            }
        },
        "p-locate": {
            "version": "3.0.0",
            "resolved": "https://cfa.jfrog.io/cfa/api/npm/npm/p-locate/-/p-locate-3.0.0.tgz",
            "integrity": "sha1-Mi1poFwCZLJZl9n0DNiokasAZKQ=",
            "requires": {
                "p-limit": "^2.0.0"
            }
        },
        "p-try": {
            "version": "2.2.0",
            "resolved": "https://cfa.jfrog.io/cfa/api/npm/npm/p-try/-/p-try-2.2.0.tgz",
            "integrity": "sha1-yyhoVA4xPWHeWPr741zpAE1VQOY="
        },
        "path-exists": {
            "version": "3.0.0",
            "resolved": "https://cfa.jfrog.io/cfa/api/npm/npm/path-exists/-/path-exists-3.0.0.tgz",
            "integrity": "sha1-zg6+ql94yxiSXqfYENe1mwEP1RU="
        },
        "path-key": {
            "version": "2.0.1",
            "resolved": "https://cfa.jfrog.io/cfa/api/npm/npm/path-key/-/path-key-2.0.1.tgz",
            "integrity": "sha1-QRyttXTFoUDTpLGRDUDYDMn0C0A="
        },
        "pump": {
            "version": "3.0.0",
            "resolved": "https://cfa.jfrog.io/cfa/api/npm/npm/pump/-/pump-3.0.0.tgz",
            "integrity": "sha1-tKIRaBW94vTh6mAjVOjHVWUQemQ=",
            "requires": {
                "end-of-stream": "^1.1.0",
                "once": "^1.3.1"
            }
        },
        "require-directory": {
            "version": "2.1.1",
            "resolved": "https://cfa.jfrog.io/cfa/api/npm/npm/require-directory/-/require-directory-2.1.1.tgz",
            "integrity": "sha1-jGStX9MNqxyXbiNE/+f3kqam30I="
        },
        "require-main-filename": {
            "version": "1.0.1",
            "resolved": "https://cfa.jfrog.io/cfa/api/npm/npm/require-main-filename/-/require-main-filename-1.0.1.tgz",
            "integrity": "sha1-l/cXtp1IeE9fUmpsWqj/3aBVpNE="
        },
        "semver": {
            "version": "5.7.1",
            "resolved": "https://cfa.jfrog.io/cfa/api/npm/npm/semver/-/semver-5.7.1.tgz",
            "integrity": "sha1-qVT5Ma66UI0we78Gnv8MAclhFvc="
        },
        "set-blocking": {
            "version": "2.0.0",
            "resolved": "https://cfa.jfrog.io/cfa/api/npm/npm/set-blocking/-/set-blocking-2.0.0.tgz",
            "integrity": "sha1-BF+XgtARrppoA93TgrJDkrPYkPc="
        },
        "shebang-command": {
            "version": "1.2.0",
            "resolved": "https://cfa.jfrog.io/cfa/api/npm/npm/shebang-command/-/shebang-command-1.2.0.tgz",
            "integrity": "sha1-RKrGW2lbAzmJaMOfNj/uXer98eo=",
            "requires": {
                "shebang-regex": "^1.0.0"
            }
        },
        "shebang-regex": {
            "version": "1.0.0",
            "resolved": "https://cfa.jfrog.io/cfa/api/npm/npm/shebang-regex/-/shebang-regex-1.0.0.tgz",
            "integrity": "sha1-2kL0l0DAtC2yypcoVxyxkMmO/qM="
        },
        "signal-exit": {
            "version": "3.0.3",
            "resolved": "https://cfa.jfrog.io/cfa/api/npm/npm/signal-exit/-/signal-exit-3.0.3.tgz",
            "integrity": "sha1-oUEMLt2PB3sItOJTyOrPyvBXRhw="
        },
        "sprintf-js": {
            "version": "1.0.3",
            "resolved": "https://cfa.jfrog.io/cfa/api/npm/npm/sprintf-js/-/sprintf-js-1.0.3.tgz",
            "integrity": "sha1-BOaSb2YolTVPPdAVIDYzuFcpfiw="
        },
        "string-width": {
            "version": "2.1.1",
            "resolved": "https://cfa.jfrog.io/cfa/api/npm/npm/string-width/-/string-width-2.1.1.tgz",
            "integrity": "sha1-q5Pyeo3BPSjKyBXEYhQ6bZASrp4=",
            "requires": {
                "is-fullwidth-code-point": "^2.0.0",
                "strip-ansi": "^4.0.0"
            }
        },
        "strip-ansi": {
            "version": "4.0.0",
            "resolved": "https://cfa.jfrog.io/cfa/api/npm/npm/strip-ansi/-/strip-ansi-4.0.0.tgz",
            "integrity": "sha1-qEeQIusaw2iocTibY1JixQXuNo8=",
            "requires": {
                "ansi-regex": "^3.0.0"
            }
        },
        "strip-eof": {
            "version": "1.0.0",
            "resolved": "https://cfa.jfrog.io/cfa/api/npm/npm/strip-eof/-/strip-eof-1.0.0.tgz",
            "integrity": "sha1-u0P/VZim6wXYm1n80SnJgzE2Br8="
        },
        "tr46": {
            "version": "0.0.3",
            "resolved": "https://registry.npmjs.org/tr46/-/tr46-0.0.3.tgz",
            "integrity": "sha512-N3WMsuqV66lT30CrXNbEjx4GEwlow3v6rr4mCcv6prnfwhS01rkgyFdjPNBYd9br7LpXV1+Emh01fHnq2Gdgrw=="
        },
        "tunnel": {
            "version": "0.0.6",
            "resolved": "https://cfa.jfrog.io/cfa/api/npm/npm/tunnel/-/tunnel-0.0.6.tgz",
            "integrity": "sha1-cvExSzSlsZLbASMk3yzFh8pH+Sw="
        },
        "undici-types": {
            "version": "6.19.8",
            "resolved": "https://registry.npmjs.org/undici-types/-/undici-types-6.19.8.tgz",
            "integrity": "sha512-ve2KP6f/JnbPBFyobGHuerC9g1FYGn/F8n1LWTwNxCEzd6IfqTwUQcNXgEtmmQ6DlRrC1hrSrBnCZPokRrDHjw=="
        },
        "universal-user-agent": {
            "version": "5.0.0",
            "resolved": "https://registry.npmjs.org/universal-user-agent/-/universal-user-agent-5.0.0.tgz",
            "integrity": "sha512-B5TPtzZleXyPrUMKCpEHFmVhMN6EhmJYjG5PQna9s7mXeSqGTLap4OpqLl5FCEFUI3UBmllkETwKf/db66Y54Q==",
            "requires": {
                "os-name": "^3.1.0"
            }
        },
        "webidl-conversions": {
            "version": "3.0.1",
            "resolved": "https://registry.npmjs.org/webidl-conversions/-/webidl-conversions-3.0.1.tgz",
            "integrity": "sha512-2JAn3z8AR6rjK8Sm8orRC0h/bcl/DqL7tRPdGZ4I1CjdF+EaMLmYxBHyXuKL849eucPFhvBoxMsflfOb8kxaeQ=="
        },
        "whatwg-url": {
            "version": "5.0.0",
            "resolved": "https://registry.npmjs.org/whatwg-url/-/whatwg-url-5.0.0.tgz",
            "integrity": "sha512-saE57nupxk6v3HY35+jzBwYa0rKSy0XR8JSxZPwgLr7ys0IBzhGviA1/TUGJLmSVqs8pb9AnvICXEuOHLprYTw==",
            "requires": {
                "tr46": "~0.0.3",
                "webidl-conversions": "^3.0.0"
            }
        },
        "which": {
            "version": "1.3.1",
            "resolved": "https://cfa.jfrog.io/cfa/api/npm/npm/which/-/which-1.3.1.tgz",
            "integrity": "sha1-pFBD1U9YBTFtqNYvn1CRjT2nCwo=",
            "requires": {
                "isexe": "^2.0.0"
            }
        },
        "which-module": {
            "version": "2.0.0",
            "resolved": "https://cfa.jfrog.io/cfa/api/npm/npm/which-module/-/which-module-2.0.0.tgz",
            "integrity": "sha1-2e8H3Od7mQK4o6j6SzHD4/fm6Ho="
        },
        "windows-release": {
            "version": "3.3.3",
            "resolved": "https://registry.npmjs.org/windows-release/-/windows-release-3.3.3.tgz",
            "integrity": "sha512-OSOGH1QYiW5yVor9TtmXKQvt2vjQqbYS+DqmsZw+r7xDwLXEeT3JGW0ZppFmHx4diyXmxt238KFR3N9jzevBRg==",
            "requires": {
                "execa": "^1.0.0"
            }
        },
        "wrap-ansi": {
            "version": "2.1.0",
            "resolved": "https://cfa.jfrog.io/cfa/api/npm/npm/wrap-ansi/-/wrap-ansi-2.1.0.tgz",
            "integrity": "sha1-2Pw9KE3QV5T+hJc8rs3Rz4JP3YU=",
            "requires": {
                "string-width": "^1.0.1",
                "strip-ansi": "^3.0.1"
            },
            "dependencies": {
                "ansi-regex": {
                    "version": "2.1.1",
                    "resolved": "https://cfa.jfrog.io/cfa/api/npm/npm/ansi-regex/-/ansi-regex-2.1.1.tgz",
                    "integrity": "sha1-w7M6te42DYbg5ijwRorn7yfWVN8="
                },
                "is-fullwidth-code-point": {
                    "version": "1.0.0",
                    "resolved": "https://cfa.jfrog.io/cfa/api/npm/npm/is-fullwidth-code-point/-/is-fullwidth-code-point-1.0.0.tgz",
                    "integrity": "sha1-754xOG8DGn8NZDr4L95QxFfvAMs=",
                    "requires": {
                        "number-is-nan": "^1.0.0"
                    }
                },
                "string-width": {
                    "version": "1.0.2",
                    "resolved": "https://cfa.jfrog.io/cfa/api/npm/npm/string-width/-/string-width-1.0.2.tgz",
                    "integrity": "sha1-EYvfW4zcUaKn5w0hHgfisLmxB9M=",
                    "requires": {
                        "code-point-at": "^1.0.0",
                        "is-fullwidth-code-point": "^1.0.0",
                        "strip-ansi": "^3.0.0"
                    }
                },
                "strip-ansi": {
                    "version": "3.0.1",
                    "resolved": "https://cfa.jfrog.io/cfa/api/npm/npm/strip-ansi/-/strip-ansi-3.0.1.tgz",
                    "integrity": "sha1-ajhfuIU9lS1f8F0Oiq+UJ43GPc8=",
                    "requires": {
                        "ansi-regex": "^2.0.0"
                    }
                }
            }
        },
        "wrappy": {
            "version": "1.0.2",
            "resolved": "https://cfa.jfrog.io/cfa/api/npm/npm/wrappy/-/wrappy-1.0.2.tgz",
            "integrity": "sha1-tSQ9jz7BqjXxNkYFvA0QNuMKtp8="
        },
        "y18n": {
            "version": "4.0.1",
            "resolved": "https://cfa.jfrog.io/cfa/api/npm/npm/y18n/-/y18n-4.0.1.tgz",
            "integrity": "sha1-jbK4PDHF11CZu4kLI/MJSJHiR9Q="
        },
        "yargs": {
            "version": "12.0.5",
            "resolved": "https://cfa.jfrog.io/cfa/api/npm/npm/yargs/-/yargs-12.0.5.tgz",
            "integrity": "sha1-BfWZe2CWR7ZPZrgeO0sQo2jnrRM=",
            "requires": {
                "cliui": "^4.0.0",
                "decamelize": "^1.2.0",
                "find-up": "^3.0.0",
                "get-caller-file": "^1.0.1",
                "os-locale": "^3.0.0",
                "require-directory": "^2.1.1",
                "require-main-filename": "^1.0.1",
                "set-blocking": "^2.0.0",
                "string-width": "^2.0.0",
                "which-module": "^2.0.0",
                "y18n": "^3.2.1 || ^4.0.0",
                "yargs-parser": "^11.1.1"
            }
        },
        "yargs-parser": {
            "version": "11.1.1",
            "resolved": "https://cfa.jfrog.io/cfa/api/npm/npm/yargs-parser/-/yargs-parser-11.1.1.tgz",
            "integrity": "sha1-h5oIZZc7yp9rq1y987HGfsfTvPQ=",
            "requires": {
                "camelcase": "^5.0.0",
                "decamelize": "^1.2.0"
            }
        }
    }
}
